
Microsoft Visual Studio Solution File, Format Version 12.00
# Visual Studio 15
VisualStudioVersion = 15.0.28307.106
MinimumVisualStudioVersion = 10.0.40219.1
Project("{8BC9CEB8-8B4A-11D0-8D11-00A0C91BC942}") = "mj", "mj.vcxproj", "{D484E0F4-5603-4B99-2F12-10E7904646A7}"
EndProject
Global
	GlobalSection(SolutionConfigurationPlatforms) = preSolution
		Debug|ARM = Debug|ARM
		Debug|Win32 = Debug|Win32
		Release|ARM = Release|ARM
		Release|Win32 = Release|Win32
	EndGlobalSection
	GlobalSection(ProjectConfigurationPlatforms) = postSolution
		{D484E0F4-5603-4B99-2F12-10E7904646A7}.Debug|ARM.ActiveCfg = Debug|ARM
		{D484E0F4-5603-4B99-2F12-10E7904646A7}.Debug|ARM.Build.0 = Debug|ARM
		{D484E0F4-5603-4B99-2F12-10E7904646A7}.Debug|Win32.ActiveCfg = Debug|Win32
		{D484E0F4-5603-4B99-2F12-10E7904646A7}.Debug|Win32.Build.0 = Debug|Win32
		{D484E0F4-5603-4B99-2F12-10E7904646A7}.Release|ARM.ActiveCfg = Release|ARM
		{D484E0F4-5603-4B99-2F12-10E7904646A7}.Release|ARM.Build.0 = Release|ARM
		{D484E0F4-5603-4B99-2F12-10E7904646A7}.Release|Win32.ActiveCfg = Release|Win32
		{D484E0F4-5603-4B99-2F12-10E7904646A7}.Release|Win32.Build.0 = Release|Win32
	EndGlobalSection
	GlobalSection(SolutionProperties) = preSolution
		HideSolutionNode = FALSE
	EndGlobalSection
	GlobalSection(ExtensibilityGlobals) = postSolution
		SolutionGuid = {C76379D5-F449-48EC-BD36-E257CE18B2BE}
	EndGlobalSection
EndGlobal
